{
  "name": "devextreme-datagrid-conditional-formatting",
  "lockfileVersion": 3,
  "requires": true,
  "packages": {
    "": {
      "devDependencies": {
        "@types/vue": "^1.0.31",
        "@vue/tsconfig": "^0.8.1"
      }
    },
    "node_modules/@types/vue": {
      "version": "1.0.31",
      "resolved": "https://registry.npmjs.org/@types/vue/-/vue-1.0.31.tgz",
      "integrity": "sha512-unhlPKHFYEc+NA7nBz8yYSg7MOhWFJF2M/tzjb0rgVuK4pQzUBGmBp3IhfuhYDo3wr3dgA5sm9GUHmUJz2Hb9w==",
      "dev": true,
      "license": "MIT"
    },
    "node_modules/@vue/tsconfig": {
      "version": "0.8.1",
      "resolved": "https://registry.npmjs.org/@vue/tsconfig/-/tsconfig-0.8.1.tgz",
      "integrity": "sha512-aK7feIWPXFSUhsCP9PFqPyFOcz4ENkb8hZ2pneL6m2UjCkccvaOhC/5KCKluuBufvp2KzkbdA2W2pk20vLzu3g==",
      "dev": true,
      "license": "MIT",
      "peerDependencies": {
        "typescript": "5.x",
        "vue": "^3.4.0"
      },
      "peerDependenciesMeta": {
        "typescript": {
          "optional": true
        },
        "vue": {
          "optional": true
        }
      }
    }
  }
}
